
Microsoft Visual Studio Solution File, Format Version 12.00
# Visual Studio Version 17
VisualStudioVersion = 17.6.33829.357
MinimumVisualStudioVersion = 10.0.40219.1
Project("{FAE04EC0-301F-11D3-BF4B-00C04F79EFBC}") = "Comment Remover", "Comment Remover.csproj", "{4A00EA6E-72EA-4DBC-8492-B37EC019351D}"
EndProject
Global
	GlobalSection(SolutionConfigurationPlatforms) = preSolution
		Debug|Any CPU = Debug|Any CPU
		Release|Any CPU = Release|Any CPU
	EndGlobalSection
	GlobalSection(ProjectConfigurationPlatforms) = postSolution
		{4A00EA6E-72EA-4DBC-8492-B37EC019351D}.Debug|Any CPU.ActiveCfg = Debug|Any CPU
		{4A00EA6E-72EA-4DBC-8492-B37EC019351D}.Debug|Any CPU.Build.0 = Debug|Any CPU
		{4A00EA6E-72EA-4DBC-8492-B37EC019351D}.Release|Any CPU.ActiveCfg = Release|Any CPU
		{4A00EA6E-72EA-4DBC-8492-B37EC019351D}.Release|Any CPU.Build.0 = Release|Any CPU
	EndGlobalSection
	GlobalSection(SolutionProperties) = preSolution
		HideSolutionNode = FALSE
	EndGlobalSection
	GlobalSection(ExtensibilityGlobals) = postSolution
		SolutionGuid = {9920035E-386F-440A-872B-1CCA0A24F160}
	EndGlobalSection
EndGlobal
